
Microsoft Visual Studio Solution File, Format Version 12.00
# Visual Studio Version 16
VisualStudioVersion = 16.0.31729.503
MinimumVisualStudioVersion = 10.0.40219.1
Project("{FAE04EC0-301F-11D3-BF4B-00C04F79EFBC}") = "ServerCodeMtk-P2-20190140045", "ServerCodeMtk-P2-20190140045\ServerCodeMtk-P2-20190140045.csproj", "{450512DB-8C02-4B19-8B6E-D80D28B2968B}"
EndProject
Global
	GlobalSection(SolutionConfigurationPlatforms) = preSolution
		Debug|Any CPU = Debug|Any CPU
		Release|Any CPU = Release|Any CPU
	EndGlobalSection
	GlobalSection(ProjectConfigurationPlatforms) = postSolution
		{450512DB-8C02-4B19-8B6E-D80D28B2968B}.Debug|Any CPU.ActiveCfg = Debug|Any CPU
		{450512DB-8C02-4B19-8B6E-D80D28B2968B}.Debug|Any CPU.Build.0 = Debug|Any CPU
		{450512DB-8C02-4B19-8B6E-D80D28B2968B}.Release|Any CPU.ActiveCfg = Release|Any CPU
		{450512DB-8C02-4B19-8B6E-D80D28B2968B}.Release|Any CPU.Build.0 = Release|Any CPU
	EndGlobalSection
	GlobalSection(SolutionProperties) = preSolution
		HideSolutionNode = FALSE
	EndGlobalSection
	GlobalSection(ExtensibilityGlobals) = postSolution
		SolutionGuid = {FFF6FC78-9905-436B-8CD2-31F083915464}
	EndGlobalSection
EndGlobal
